
Microsoft Visual Studio Solution File, Format Version 12.00
# Visual Studio Version 17
VisualStudioVersion = 17.3.32929.385
MinimumVisualStudioVersion = 10.0.40219.1
Project("{FAE04EC0-301F-11D3-BF4B-00C04F79EFBC}") = "negue-io", "negue-io\negue-io.csproj", "{7F9C9A51-9AC6-47E6-BB45-E36CACB99EEB}"
EndProject
Global
	GlobalSection(SolutionConfigurationPlatforms) = preSolution
		Debug|Any CPU = Debug|Any CPU
		Release|Any CPU = Release|Any CPU
	EndGlobalSection
	GlobalSection(ProjectConfigurationPlatforms) = postSolution
		{7F9C9A51-9AC6-47E6-BB45-E36CACB99EEB}.Debug|Any CPU.ActiveCfg = Debug|Any CPU
		{7F9C9A51-9AC6-47E6-BB45-E36CACB99EEB}.Debug|Any CPU.Build.0 = Debug|Any CPU
		{7F9C9A51-9AC6-47E6-BB45-E36CACB99EEB}.Release|Any CPU.ActiveCfg = Release|Any CPU
		{7F9C9A51-9AC6-47E6-BB45-E36CACB99EEB}.Release|Any CPU.Build.0 = Release|Any CPU
	EndGlobalSection
	GlobalSection(SolutionProperties) = preSolution
		HideSolutionNode = FALSE
	EndGlobalSection
	GlobalSection(ExtensibilityGlobals) = postSolution
		SolutionGuid = {5F036B76-EFE8-4D57-A497-97CB220BE9CE}
	EndGlobalSection
EndGlobal
