
Microsoft Visual Studio Solution File, Format Version 12.00
# Visual Studio Version 17
VisualStudioVersion = 17.3.32929.385
MinimumVisualStudioVersion = 10.0.40219.1
Project("{FAE04EC0-301F-11D3-BF4B-00C04F79EFBC}") = "NegueApp", "NegueApp\NegueApp.csproj", "{AA2BF5A1-5252-41B0-A91C-82F1DD6A076B}"
EndProject
Global
	GlobalSection(SolutionConfigurationPlatforms) = preSolution
		Debug|Any CPU = Debug|Any CPU
		Release|Any CPU = Release|Any CPU
	EndGlobalSection
	GlobalSection(ProjectConfigurationPlatforms) = postSolution
		{AA2BF5A1-5252-41B0-A91C-82F1DD6A076B}.Debug|Any CPU.ActiveCfg = Debug|Any CPU
		{AA2BF5A1-5252-41B0-A91C-82F1DD6A076B}.Debug|Any CPU.Build.0 = Debug|Any CPU
		{AA2BF5A1-5252-41B0-A91C-82F1DD6A076B}.Release|Any CPU.ActiveCfg = Release|Any CPU
		{AA2BF5A1-5252-41B0-A91C-82F1DD6A076B}.Release|Any CPU.Build.0 = Release|Any CPU
	EndGlobalSection
	GlobalSection(SolutionProperties) = preSolution
		HideSolutionNode = FALSE
	EndGlobalSection
	GlobalSection(ExtensibilityGlobals) = postSolution
		SolutionGuid = {5F036B76-EFE8-4D57-A497-97CB220BE9CE}
	EndGlobalSection
EndGlobal
